
Microsoft Visual Studio Solution File, Format Version 12.00
# Visual Studio Version 17
VisualStudioVersion = 17.7.34024.191
MinimumVisualStudioVersion = 10.0.40219.1
Project("{FAE04EC0-301F-11D3-BF4B-00C04F79EFBC}") = "Proyecto.MVC", "Proyecto.MVC\Proyecto.MVC.csproj", "{669C7E9E-055F-4903-A485-715E97FB9E92}"
EndProject
Global
	GlobalSection(SolutionConfigurationPlatforms) = preSolution
		Debug|Any CPU = Debug|Any CPU
		Release|Any CPU = Release|Any CPU
	EndGlobalSection
	GlobalSection(ProjectConfigurationPlatforms) = postSolution
		{669C7E9E-055F-4903-A485-715E97FB9E92}.Debug|Any CPU.ActiveCfg = Debug|Any CPU
		{669C7E9E-055F-4903-A485-715E97FB9E92}.Debug|Any CPU.Build.0 = Debug|Any CPU
		{669C7E9E-055F-4903-A485-715E97FB9E92}.Release|Any CPU.ActiveCfg = Release|Any CPU
		{669C7E9E-055F-4903-A485-715E97FB9E92}.Release|Any CPU.Build.0 = Release|Any CPU
	EndGlobalSection
	GlobalSection(SolutionProperties) = preSolution
		HideSolutionNode = FALSE
	EndGlobalSection
	GlobalSection(ExtensibilityGlobals) = postSolution
		SolutionGuid = {EB3B932F-563F-421A-A2E9-FC61CCD5E01F}
	EndGlobalSection
EndGlobal
